
Microsoft Visual Studio Solution File, Format Version 12.00
# Visual Studio 15
VisualStudioVersion = 15.0.27428.2043
MinimumVisualStudioVersion = 10.0.40219.1
Project("{8BC9CEB8-8B4A-11D0-8D11-00A0C91BC942}") = "SonicInputDisplay", "SonicInputDisplay\SonicInputDisplay.vcxproj", "{A2B114C1-42A3-43F8-8F6F-48C29CF587D7}"
EndProject
Global
	GlobalSection(SolutionConfigurationPlatforms) = preSolution
		Debug|x64 = Debug|x64
		Debug|x86 = Debug|x86
		Release|x64 = Release|x64
		Release|x86 = Release|x86
	EndGlobalSection
	GlobalSection(ProjectConfigurationPlatforms) = postSolution
		{A2B114C1-42A3-43F8-8F6F-48C29CF587D7}.Debug|x64.ActiveCfg = Debug|x64
		{A2B114C1-42A3-43F8-8F6F-48C29CF587D7}.Debug|x64.Build.0 = Debug|x64
		{A2B114C1-42A3-43F8-8F6F-48C29CF587D7}.Debug|x86.ActiveCfg = Debug|Win32
		{A2B114C1-42A3-43F8-8F6F-48C29CF587D7}.Debug|x86.Build.0 = Debug|Win32
		{A2B114C1-42A3-43F8-8F6F-48C29CF587D7}.Release|x64.ActiveCfg = Release|x64
		{A2B114C1-42A3-43F8-8F6F-48C29CF587D7}.Release|x64.Build.0 = Release|x64
		{A2B114C1-42A3-43F8-8F6F-48C29CF587D7}.Release|x86.ActiveCfg = Release|Win32
		{A2B114C1-42A3-43F8-8F6F-48C29CF587D7}.Release|x86.Build.0 = Release|Win32
	EndGlobalSection
	GlobalSection(SolutionProperties) = preSolution
		HideSolutionNode = FALSE
	EndGlobalSection
	GlobalSection(ExtensibilityGlobals) = postSolution
		SolutionGuid = {F1CBAF3A-4849-4BB4-86F3-E0CAFBFE9A31}
	EndGlobalSection
EndGlobal
